
Microsoft Visual Studio Solution File, Format Version 12.00
# Visual Studio Version 16
VisualStudioVersion = 16.0.31613.86
MinimumVisualStudioVersion = 10.0.40219.1
Project("{FAE04EC0-301F-11D3-BF4B-00C04F79EFBC}") = "WebApplication2", "WebApplication2\WebApplication2.csproj", "{88011316-66CC-445E-85C5-82D0BA77467E}"
EndProject
Global
	GlobalSection(SolutionConfigurationPlatforms) = preSolution
		Debug|Any CPU = Debug|Any CPU
		Release|Any CPU = Release|Any CPU
	EndGlobalSection
	GlobalSection(ProjectConfigurationPlatforms) = postSolution
		{88011316-66CC-445E-85C5-82D0BA77467E}.Debug|Any CPU.ActiveCfg = Debug|Any CPU
		{88011316-66CC-445E-85C5-82D0BA77467E}.Debug|Any CPU.Build.0 = Debug|Any CPU
		{88011316-66CC-445E-85C5-82D0BA77467E}.Release|Any CPU.ActiveCfg = Release|Any CPU
		{88011316-66CC-445E-85C5-82D0BA77467E}.Release|Any CPU.Build.0 = Release|Any CPU
	EndGlobalSection
	GlobalSection(SolutionProperties) = preSolution
		HideSolutionNode = FALSE
	EndGlobalSection
	GlobalSection(ExtensibilityGlobals) = postSolution
		SolutionGuid = {6F1AF72F-22FF-4067-8CC3-1AA95A929AF1}
	EndGlobalSection
EndGlobal
